Microsoft Visual Studio Solution File, Format Version 12.00
# Visual Studio Version 17
VisualStudioVersion = 17.5.2.0
MinimumVisualStudioVersion = 10.0.40219.1
Project("{FAE04EC0-301F-11D3-BF4B-00C04F79EFBC}") = "OracleDbManager", "OracleDbManager.csproj", "{C402D30B-2936-8079-5348-5382A1622005}"
EndProject
Global
	GlobalSection(SolutionConfigurationPlatforms) = preSolution
		Debug|Any CPU = Debug|Any CPU
		Release|Any CPU = Release|Any CPU
	EndGlobalSection
	GlobalSection(ProjectConfigurationPlatforms) = postSolution
		{C402D30B-2936-8079-5348-5382A1622005}.Debug|Any CPU.ActiveCfg = Debug|Any CPU
		{C402D30B-2936-8079-5348-5382A1622005}.Debug|Any CPU.Build.0 = Debug|Any CPU
		{C402D30B-2936-8079-5348-5382A1622005}.Release|Any CPU.ActiveCfg = Release|Any CPU
		{C402D30B-2936-8079-5348-5382A1622005}.Release|Any CPU.Build.0 = Release|Any CPU
	EndGlobalSection
	GlobalSection(SolutionProperties) = preSolution
		HideSolutionNode = FALSE
	EndGlobalSection
	GlobalSection(ExtensibilityGlobals) = postSolution
		SolutionGuid = {73410775-A1D8-41EB-907E-5B0608AD6DBC}
	EndGlobalSection
EndGlobal
